
Microsoft Visual Studio Solution File, Format Version 12.00
# Visual Studio Version 16
VisualStudioVersion = 25.0.1704.3
MinimumVisualStudioVersion = 10.0.40219.1
Project("{FAE04EC0-301F-11D3-BF4B-00C04F79EFBC}") = "SbSender", "SbSender\SbSender.csproj", "{A78B89D3-E882-465C-B355-4D71B075E5D0}"
EndProject
Project("{FAE04EC0-301F-11D3-BF4B-00C04F79EFBC}") = "SbShared", "SbShared\SbShared.csproj", "{1B4C9800-22EA-4C69-ACCB-32B018387F48}"
EndProject
Project("{FAE04EC0-301F-11D3-BF4B-00C04F79EFBC}") = "SbReceiver", "SbReceiver\SbReceiver.csproj", "{7ADC05D9-FFCB-4D2D-9B97-819250E90799}"
EndProject
Global
	GlobalSection(SolutionConfigurationPlatforms) = preSolution
		Debug|Any CPU = Debug|Any CPU
		Release|Any CPU = Release|Any CPU
	EndGlobalSection
	GlobalSection(ProjectConfigurationPlatforms) = postSolution
		{A78B89D3-E882-465C-B355-4D71B075E5D0}.Debug|Any CPU.ActiveCfg = Debug|Any CPU
		{A78B89D3-E882-465C-B355-4D71B075E5D0}.Debug|Any CPU.Build.0 = Debug|Any CPU
		{A78B89D3-E882-465C-B355-4D71B075E5D0}.Release|Any CPU.ActiveCfg = Release|Any CPU
		{A78B89D3-E882-465C-B355-4D71B075E5D0}.Release|Any CPU.Build.0 = Release|Any CPU
		{1B4C9800-22EA-4C69-ACCB-32B018387F48}.Debug|Any CPU.ActiveCfg = Debug|Any CPU
		{1B4C9800-22EA-4C69-ACCB-32B018387F48}.Debug|Any CPU.Build.0 = Debug|Any CPU
		{1B4C9800-22EA-4C69-ACCB-32B018387F48}.Release|Any CPU.ActiveCfg = Release|Any CPU
		{1B4C9800-22EA-4C69-ACCB-32B018387F48}.Release|Any CPU.Build.0 = Release|Any CPU
		{7ADC05D9-FFCB-4D2D-9B97-819250E90799}.Debug|Any CPU.ActiveCfg = Debug|Any CPU
		{7ADC05D9-FFCB-4D2D-9B97-819250E90799}.Debug|Any CPU.Build.0 = Debug|Any CPU
		{7ADC05D9-FFCB-4D2D-9B97-819250E90799}.Release|Any CPU.ActiveCfg = Release|Any CPU
		{7ADC05D9-FFCB-4D2D-9B97-819250E90799}.Release|Any CPU.Build.0 = Release|Any CPU
	EndGlobalSection
	GlobalSection(SolutionProperties) = preSolution
		HideSolutionNode = FALSE
	EndGlobalSection
	GlobalSection(ExtensibilityGlobals) = postSolution
		SolutionGuid = {8664D566-227A-4374-B86C-47883ACB84EA}
	EndGlobalSection
EndGlobal
